
Microsoft Visual Studio Solution File, Format Version 12.00
# Visual Studio Version 17
VisualStudioVersion = 17.14.36429.23 d17.14
MinimumVisualStudioVersion = 10.0.40219.1
Project("{FAE04EC0-301F-11D3-BF4B-00C04F79EFBC}") = "GestorTareas.API", "GestorTareas.API\GestorTareas.API.csproj", "{7B8EA892-535E-4B5B-BA07-B4861F0A2165}"
EndProject
Global
	GlobalSection(SolutionConfigurationPlatforms) = preSolution
		Debug|Any CPU = Debug|Any CPU
		Release|Any CPU = Release|Any CPU
	EndGlobalSection
	GlobalSection(ProjectConfigurationPlatforms) = postSolution
		{7B8EA892-535E-4B5B-BA07-B4861F0A2165}.Debug|Any CPU.ActiveCfg = Debug|Any CPU
		{7B8EA892-535E-4B5B-BA07-B4861F0A2165}.Debug|Any CPU.Build.0 = Debug|Any CPU
		{7B8EA892-535E-4B5B-BA07-B4861F0A2165}.Release|Any CPU.ActiveCfg = Release|Any CPU
		{7B8EA892-535E-4B5B-BA07-B4861F0A2165}.Release|Any CPU.Build.0 = Release|Any CPU
	EndGlobalSection
	GlobalSection(SolutionProperties) = preSolution
		HideSolutionNode = FALSE
	EndGlobalSection
	GlobalSection(ExtensibilityGlobals) = postSolution
		SolutionGuid = {CAEC9825-FA1C-4F80-84E3-73BB10C248CC}
	EndGlobalSection
EndGlobal
